// !$*UTF8*$!
{
	archiveVersion = 1;
	classes = {
	};
	objectVersion = 51;
	objects = {

/* Begin PBXBuildFile section */
		E80A34BF238AFCC10032DB8A /* SeikatsuLogoJingle.wav in Resources */ = {isa = PBXBuildFile; fileRef = E80A34BE238AFCC10032DB8A /* SeikatsuLogoJingle.wav */; };
		E80A34C1238AFE880032DB8A /* gameplay_v2.wav in Resources */ = {isa = PBXBuildFile; fileRef = E80A34C0238AFE880032DB8A /* gameplay_v2.wav */; };
		E80A34C3238AFE910032DB8A /* title_v2.wav in Resources */ = {isa = PBXBuildFile; fileRef = E80A34C2238AFE910032DB8A /* title_v2.wav */; };
		E80DC654230B4C9000D72E53 /* GameSceneOnlinePadLand.sks in Resources */ = {isa = PBXBuildFile; fileRef = E80DC653230B4C9000D72E53 /* GameSceneOnlinePadLand.sks */; };
		E80DC656230C69E500D72E53 /* GameSceneOnlinePhoneLand.sks in Resources */ = {isa = PBXBuildFile; fileRef = E80DC655230C69E500D72E53 /* GameSceneOnlinePhoneLand.sks */; };
		E80DC658230C69F600D72E53 /* GameSceneOnlinePadPortrait.sks in Resources */ = {isa = PBXBuildFile; fileRef = E80DC657230C69F600D72E53 /* GameSceneOnlinePadPortrait.sks */; };
		E817C34C22F9DBA500A8BC16 /* SocketIOHelper.swift in Sources */ = {isa = PBXBuildFile; fileRef = E817C34B22F9DBA500A8BC16 /* SocketIOHelper.swift */; };
		E817C34E22FB12BB00A8BC16 /* GameSceneOnline.swift in Sources */ = {isa = PBXBuildFile; fileRef = E817C34D22FB12BB00A8BC16 /* GameSceneOnline.swift */; };
		E827B6AD2357721600B151F6 /* MyriadPro-Black.otf in Resources */ = {isa = PBXBuildFile; fileRef = E827B6AC2357721600B151F6 /* MyriadPro-Black.otf */; };
		E83FBCDA22DCCBBB001D8684 /* JKClass.swift in Sources */ = {isa = PBXBuildFile; fileRef = E83FBCD922DCCBBB001D8684 /* JKClass.swift */; };
		E83FBCDC22DCCC0B001D8684 /* Token.swift in Sources */ = {isa = PBXBuildFile; fileRef = E83FBCDB22DCCC0B001D8684 /* Token.swift */; };
		E83FBCDE22DCCC84001D8684 /* Location.swift in Sources */ = {isa = PBXBuildFile; fileRef = E83FBCDD22DCCC84001D8684 /* Location.swift */; };
		E83FBCE022DCCD45001D8684 /* GrabBag.swift in Sources */ = {isa = PBXBuildFile; fileRef = E83FBCDF22DCCD45001D8684 /* GrabBag.swift */; };
		E83FBCE222DCCEA8001D8684 /* GameModel.swift in Sources */ = {isa = PBXBuildFile; fileRef = E83FBCE122DCCEA8001D8684 /* GameModel.swift */; };
		E83FBCE522DCD96E001D8684 /* tokenSpace.swift in Sources */ = {isa = PBXBuildFile; fileRef = E83FBCE422DCD96E001D8684 /* tokenSpace.swift */; };
		E83FBCE722DD09F0001D8684 /* tokenNode.swift in Sources */ = {isa = PBXBuildFile; fileRef = E83FBCE622DD09F0001D8684 /* tokenNode.swift */; };
		E84E2C5E23171C5F004EF2DF /* MenuScenePhoneLand.sks in Resources */ = {isa = PBXBuildFile; fileRef = E84E2C5D23171C5F004EF2DF /* MenuScenePhoneLand.sks */; };
		E84E2C6023171D1D004EF2DF /* MenuScenePhonePortrait.sks in Resources */ = {isa = PBXBuildFile; fileRef = E84E2C5F23171D1D004EF2DF /* MenuScenePhonePortrait.sks */; };
		E84E2C6223171E34004EF2DF /* MenuScenePadPortrait.sks in Resources */ = {isa = PBXBuildFile; fileRef = E84E2C6123171E34004EF2DF /* MenuScenePadPortrait.sks */; };
		E84E2C6423171F1F004EF2DF /* MenuScenePadLand.sks in Resources */ = {isa = PBXBuildFile; fileRef = E84E2C6323171F1F004EF2DF /* MenuScenePadLand.sks */; };
		E86F2C1A22DCBBAE0069AC1A /* AppDelegate.swift in Sources */ = {isa = PBXBuildFile; fileRef = E86F2C1922DCBBAE0069AC1A /* AppDelegate.swift */; };
		E86F2C2222DCBBAE0069AC1A /* GameViewController.swift in Sources */ = {isa = PBXBuildFile; fileRef = E86F2C2122DCBBAE0069AC1A /* GameViewController.swift */; };
		E86F2C2522DCBBAE0069AC1A /* Main.storyboard in Resources */ = {isa = PBXBuildFile; fileRef = E86F2C2322DCBBAE0069AC1A /* Main.storyboard */; };
		E86F2C2722DCBBB30069AC1A /* Assets.xcassets in Resources */ = {isa = PBXBuildFile; fileRef = E86F2C2622DCBBB30069AC1A /* Assets.xcassets */; };
		E86F2C2A22DCBBB30069AC1A /* LaunchScreen.storyboard in Resources */ = {isa = PBXBuildFile; fileRef = E86F2C2822DCBBB30069AC1A /* LaunchScreen.storyboard */; };
		E877B62C2304509600DA2AA6 /* GameSceneOnlinePhonePortrait.sks in Resources */ = {isa = PBXBuildFile; fileRef = E877B62B2304509600DA2AA6 /* GameSceneOnlinePhonePortrait.sks */; };
		E881B65B2358D35D0041A519 /* singleplayerGameScene.swift in Sources */ = {isa = PBXBuildFile; fileRef = E881B65A2358D35D0041A519 /* singleplayerGameScene.swift */; };
		E881B65E2358ED5A0041A519 /* singleplayerPhonePortrait.sks in Resources */ = {isa = PBXBuildFile; fileRef = E881B65D2358ED5A0041A519 /* singleplayerPhonePortrait.sks */; };
		E881B6602358EE1C0041A519 /* singleplayerPhoneLand.sks in Resources */ = {isa = PBXBuildFile; fileRef = E881B65F2358EE1C0041A519 /* singleplayerPhoneLand.sks */; };
		E881B6622358EE2D0041A519 /* singleplayerPadPortrait.sks in Resources */ = {isa = PBXBuildFile; fileRef = E881B6612358EE2D0041A519 /* singleplayerPadPortrait.sks */; };
		E881B6642358EE460041A519 /* singleplayerPadLand.sks in Resources */ = {isa = PBXBuildFile; fileRef = E881B6632358EE460041A519 /* singleplayerPadLand.sks */; };
		E89EADEF237AF37C00F941E6 /* upbeatJingleLowQuality.mp3 in Resources */ = {isa = PBXBuildFile; fileRef = E89EADEE237AF37C00F941E6 /* upbeatJingleLowQuality.mp3 */; };
		E89EADF2237B98E200F941E6 /* title1.wav in Resources */ = {isa = PBXBuildFile; fileRef = E89EADF0237B98E000F941E6 /* title1.wav */; };
		E89EADF3237B98E200F941E6 /* gameplay1.wav in Resources */ = {isa = PBXBuildFile; fileRef = E89EADF1237B98E200F941E6 /* gameplay1.wav */; };
		E89EADF5237CA7B000F941E6 /* singleplayerNoNotchPortrait.sks in Resources */ = {isa = PBXBuildFile; fileRef = E89EADF4237CA7B000F941E6 /* singleplayerNoNotchPortrait.sks */; };
		E89EADF7237CA7EB00F941E6 /* singleplayerNoNotchLand.sks in Resources */ = {isa = PBXBuildFile; fileRef = E89EADF6237CA7EB00F941E6 /* singleplayerNoNotchLand.sks */; };
		E89EADF9237CAE1F00F941E6 /* GameSceneOnlineNoNotchPortrait.sks in Resources */ = {isa = PBXBuildFile; fileRef = E89EADF8237CAE1F00F941E6 /* GameSceneOnlineNoNotchPortrait.sks */; };
		E89EADFB237CAE3500F941E6 /* GameSceneOnlineNoNotchLand.sks in Resources */ = {isa = PBXBuildFile; fileRef = E89EADFA237CAE3500F941E6 /* GameSceneOnlineNoNotchLand.sks */; };
		E8DB2C2E22E8D92100A6A212 /* MenuScene.swift in Sources */ = {isa = PBXBuildFile; fileRef = E8DB2C2D22E8D92100A6A212 /* MenuScene.swift */; };
		FFB926427AC41A8E1C01A580 /* Pods_Seikatsu.framework in Frameworks */ = {isa = PBXBuildFile; fileRef = D9A9399E779A376C0DB6F184 /* Pods_Seikatsu.framework */; };
/* End PBXBuildFile section */

/* Begin PBXFileReference section */
		468178FF1C2B089363F5B4EB /* Pods-Seikatsu.release.xcconfig */ = {isa = PBXFileReference; includeInIndex = 1; lastKnownFileType = text.xcconfig; name = "Pods-Seikatsu.release.xcconfig"; path = "Target Support Files/Pods-Seikatsu/Pods-Seikatsu.release.xcconfig"; sourceTree = "<group>"; };
		9509E7E748CB1D3F0F406D7C /* Pods-Seikatsu.debug.xcconfig */ = {isa = PBXFileReference; includeInIndex = 1; lastKnownFileType = text.xcconfig; name = "Pods-Seikatsu.debug.xcconfig"; path = "Target Support Files/Pods-Seikatsu/Pods-Seikatsu.debug.xcconfig"; sourceTree = "<group>"; };
		D9A9399E779A376C0DB6F184 /* Pods_Seikatsu.framework */ = {isa = PBXFileReference; explicitFileType = wrapper.framework; includeInIndex = 0; path = Pods_Seikatsu.framework; sourceTree = BUILT_PRODUCTS_DIR; };
		E80A34BE238AFCC10032DB8A /* SeikatsuLogoJingle.wav */ = {isa = PBXFileReference; lastKnownFileType = audio.wav; path = SeikatsuLogoJingle.wav; sourceTree = "<group>"; };
		E80A34C0238AFE880032DB8A /* gameplay_v2.wav */ = {isa = PBXFileReference; lastKnownFileType = audio.wav; path = gameplay_v2.wav; sourceTree = "<group>"; };
		E80A34C2238AFE910032DB8A /* title_v2.wav */ = {isa = PBXFileReference; lastKnownFileType = audio.wav; path = title_v2.wav; sourceTree = "<group>"; };
		E80DC653230B4C9000D72E53 /* GameSceneOnlinePadLand.sks */ = {isa = PBXFileReference; lastKnownFileType = file.sks; path = GameSceneOnlinePadLand.sks; sourceTree = "<group>"; };
		E80DC655230C69E500D72E53 /* GameSceneOnlinePhoneLand.sks */ = {isa = PBXFileReference; lastKnownFileType = file.sks; path = GameSceneOnlinePhoneLand.sks; sourceTree = "<group>"; };
		E80DC657230C69F600D72E53 /* GameSceneOnlinePadPortrait.sks */ = {isa = PBXFileReference; lastKnownFileType = file.sks; path = GameSceneOnlinePadPortrait.sks; sourceTree = "<group>"; };
		E817C34B22F9DBA500A8BC16 /* SocketIOHelper.swift */ = {isa = PBXFileReference; lastKnownFileType = sourcecode.swift; path = SocketIOHelper.swift; sourceTree = "<group>"; };
		E817C34D22FB12BB00A8BC16 /* GameSceneOnline.swift */ = {isa = PBXFileReference; lastKnownFileType = sourcecode.swift; path = GameSceneOnline.swift; sourceTree = "<group>"; };
		E827B6AC2357721600B151F6 /* MyriadPro-Black.otf */ = {isa = PBXFileReference; lastKnownFileType = file; path = "MyriadPro-Black.otf"; sourceTree = "<group>"; };
		E83FBCD922DCCBBB001D8684 /* JKClass.swift */ = {isa = PBXFileReference; lastKnownFileType = sourcecode.swift; path = JKClass.swift; sourceTree = "<group>"; };
		E83FBCDB22DCCC0B001D8684 /* Token.swift */ = {isa = PBXFileReference; lastKnownFileType = sourcecode.swift; path = Token.swift; sourceTree = "<group>"; };
		E83FBCDD22DCCC84001D8684 /* Location.swift */ = {isa = PBXFileReference; lastKnownFileType = sourcecode.swift; path = Location.swift; sourceTree = "<group>"; };
		E83FBCDF22DCCD45001D8684 /* GrabBag.swift */ = {isa = PBXFileReference; lastKnownFileType = sourcecode.swift; path = GrabBag.swift; sourceTree = "<group>"; };
		E83FBCE122DCCEA8001D8684 /* GameModel.swift */ = {isa = PBXFileReference; lastKnownFileType = sourcecode.swift; path = GameModel.swift; sourceTree = "<group>"; };
		E83FBCE422DCD96E001D8684 /* tokenSpace.swift */ = {isa = PBXFileReference; lastKnownFileType = sourcecode.swift; path = tokenSpace.swift; sourceTree = "<group>"; };
		E83FBCE622DD09F0001D8684 /* tokenNode.swift */ = {isa = PBXFileReference; lastKnownFileType = sourcecode.swift; path = tokenNode.swift; sourceTree = "<group>"; };
		E84E2C5D23171C5F004EF2DF /* MenuScenePhoneLand.sks */ = {isa = PBXFileReference; lastKnownFileType = file.sks; path = MenuScenePhoneLand.sks; sourceTree = "<group>"; };
		E84E2C5F23171D1D004EF2DF /* MenuScenePhonePortrait.sks */ = {isa = PBXFileReference; lastKnownFileType = file.sks; path = MenuScenePhonePortrait.sks; sourceTree = "<group>"; };
		E84E2C6123171E34004EF2DF /* MenuScenePadPortrait.sks */ = {isa = PBXFileReference; lastKnownFileType = file.sks; path = MenuScenePadPortrait.sks; sourceTree = "<group>"; };
		E84E2C6323171F1F004EF2DF /* MenuScenePadLand.sks */ = {isa = PBXFileReference; lastKnownFileType = file.sks; path = MenuScenePadLand.sks; sourceTree = "<group>"; };
		E86F2C1622DCBBAE0069AC1A /* Seikatsu.app */ = {isa = PBXFileReference; explicitFileType = wrapper.application; includeInIndex = 0; path = Seikatsu.app; sourceTree = BUILT_PRODUCTS_DIR; };
		E86F2C1922DCBBAE0069AC1A /* AppDelegate.swift */ = {isa = PBXFileReference; lastKnownFileType = sourcecode.swift; path = AppDelegate.swift; sourceTree = "<group>"; };
		E86F2C2122DCBBAE0069AC1A /* GameViewController.swift */ = {isa = PBXFileReference; lastKnownFileType = sourcecode.swift; path = GameViewController.swift; sourceTree = "<group>"; };
		E86F2C2422DCBBAE0069AC1A /* Base */ = {isa = PBXFileReference; lastKnownFileType = file.storyboard; name = Base; path = Base.lproj/Main.storyboard; sourceTree = "<group>"; };
		E86F2C2622DCBBB30069AC1A /* Assets.xcassets */ = {isa = PBXFileReference; lastKnownFileType = folder.assetcatalog; path = Assets.xcassets; sourceTree = "<group>"; };
		E86F2C2922DCBBB30069AC1A /* Base */ = {isa = PBXFileReference; lastKnownFileType = file.storyboard; name = Base; path = Base.lproj/LaunchScreen.storyboard; sourceTree = "<group>"; };
		E86F2C2B22DCBBB30069AC1A /* Info.plist */ = {isa = PBXFileReference; lastKnownFileType = text.plist.xml; path = Info.plist; sourceTree = "<group>"; };
		E877B62B2304509600DA2AA6 /* GameSceneOnlinePhonePortrait.sks */ = {isa = PBXFileReference; lastKnownFileType = file.sks; path = GameSceneOnlinePhonePortrait.sks; sourceTree = "<group>"; };
		E881B65A2358D35D0041A519 /* singleplayerGameScene.swift */ = {isa = PBXFileReference; lastKnownFileType = sourcecode.swift; path = singleplayerGameScene.swift; sourceTree = "<group>"; };
		E881B65D2358ED5A0041A519 /* singleplayerPhonePortrait.sks */ = {isa = PBXFileReference; lastKnownFileType = file.sks; path = singleplayerPhonePortrait.sks; sourceTree = "<group>"; };
		E881B65F2358EE1C0041A519 /* singleplayerPhoneLand.sks */ = {isa = PBXFileReference; lastKnownFileType = file.sks; path = singleplayerPhoneLand.sks; sourceTree = "<group>"; };
		E881B6612358EE2D0041A519 /* singleplayerPadPortrait.sks */ = {isa = PBXFileReference; lastKnownFileType = file.sks; path = singleplayerPadPortrait.sks; sourceTree = "<group>"; };
		E881B6632358EE460041A519 /* singleplayerPadLand.sks */ = {isa = PBXFileReference; lastKnownFileType = file.sks; path = singleplayerPadLand.sks; sourceTree = "<group>"; };
		E89EADEE237AF37C00F941E6 /* upbeatJingleLowQuality.mp3 */ = {isa = PBXFileReference; lastKnownFileType = audio.mp3; path = upbeatJingleLowQuality.mp3; sourceTree = "<group>"; };
		E89EADF0237B98E000F941E6 /* title1.wav */ = {isa = PBXFileReference; lastKnownFileType = audio.wav; path = title1.wav; sourceTree = "<group>"; };
		E89EADF1237B98E200F941E6 /* gameplay1.wav */ = {isa = PBXFileReference; lastKnownFileType = audio.wav; path = gameplay1.wav; sourceTree = "<group>"; };
		E89EADF4237CA7B000F941E6 /* singleplayerNoNotchPortrait.sks */ = {isa = PBXFileReference; lastKnownFileType = file.sks; path = singleplayerNoNotchPortrait.sks; sourceTree = "<group>"; };
		E89EADF6237CA7EB00F941E6 /* singleplayerNoNotchLand.sks */ = {isa = PBXFileReference; lastKnownFileType = file.sks; path = singleplayerNoNotchLand.sks; sourceTree = "<group>"; };
		E89EADF8237CAE1F00F941E6 /* GameSceneOnlineNoNotchPortrait.sks */ = {isa = PBXFileReference; lastKnownFileType = file.sks; path = GameSceneOnlineNoNotchPortrait.sks; sourceTree = "<group>"; };
		E89EADFA237CAE3500F941E6 /* GameSceneOnlineNoNotchLand.sks */ = {isa = PBXFileReference; lastKnownFileType = file.sks; path = GameSceneOnlineNoNotchLand.sks; sourceTree = "<group>"; };
		E8CFCF81231865600014A254 /* Seikatsu.entitlements */ = {isa = PBXFileReference; lastKnownFileType = text.plist.entitlements; path = Seikatsu.entitlements; sourceTree = "<group>"; };
		E8DB2C2D22E8D92100A6A212 /* MenuScene.swift */ = {isa = PBXFileReference; lastKnownFileType = sourcecode.swift; path = MenuScene.swift; sourceTree = "<group>"; };
/* End PBXFileReference section */

/* Begin PBXFrameworksBuildPhase section */
		E86F2C1322DCBBAE0069AC1A /* Frameworks */ = {
			isa = PBXFrameworksBuildPhase;
			buildActionMask = 2147483647;
			files = (
				FFB926427AC41A8E1C01A580 /* Pods_Seikatsu.framework in Frameworks */,
			);
			runOnlyForDeploymentPostprocessing = 0;
		};
/* End PBXFrameworksBuildPhase section */

/* Begin PBXGroup section */
		30309F07348E70805F43B0B4 /* Pods */ = {
			isa = PBXGroup;
			children = (
				9509E7E748CB1D3F0F406D7C /* Pods-Seikatsu.debug.xcconfig */,
				468178FF1C2B089363F5B4EB /* Pods-Seikatsu.release.xcconfig */,
			);
			path = Pods;
			sourceTree = "<group>";
		};
		5AFE952F620EDB9442F47BC2 /* Frameworks */ = {
			isa = PBXGroup;
			children = (
				D9A9399E779A376C0DB6F184 /* Pods_Seikatsu.framework */,
			);
			name = Frameworks;
			sourceTree = "<group>";
		};
		E80DC652230B4C3E00D72E53 /* Scene Files */ = {
			isa = PBXGroup;
			children = (
				E881B65C2358ED1A0041A519 /* singplayerScene */,
				E86190CA234D081000EAE462 /* MenuScene */,
				E8A8A514234D07CF00C355DC /* GameScene */,
			);
			path = "Scene Files";
			sourceTree = "<group>";
		};
		E827B6AB235771DF00B151F6 /* Fonts */ = {
			isa = PBXGroup;
			children = (
				E827B6AC2357721600B151F6 /* MyriadPro-Black.otf */,
			);
			path = Fonts;
			sourceTree = "<group>";
		};
		E83FBCD422DCCB63001D8684 /* Helper Classes */ = {
			isa = PBXGroup;
			children = (
				E83FBCD922DCCBBB001D8684 /* JKClass.swift */,
				E83FBCDB22DCCC0B001D8684 /* Token.swift */,
				E83FBCDD22DCCC84001D8684 /* Location.swift */,
				E83FBCDF22DCCD45001D8684 /* GrabBag.swift */,
				E83FBCE122DCCEA8001D8684 /* GameModel.swift */,
				E817C34B22F9DBA500A8BC16 /* SocketIOHelper.swift */,
			);
			path = "Helper Classes";
			sourceTree = "<group>";
		};
		E83FBCD622DCCB78001D8684 /* Scenes */ = {
			isa = PBXGroup;
			children = (
				E817C34D22FB12BB00A8BC16 /* GameSceneOnline.swift */,
				E8DB2C2D22E8D92100A6A212 /* MenuScene.swift */,
				E881B65A2358D35D0041A519 /* singleplayerGameScene.swift */,
			);
			path = Scenes;
			sourceTree = "<group>";
		};
		E83FBCD822DCCB91001D8684 /* View Controllers */ = {
			isa = PBXGroup;
			children = (
				E86F2C2122DCBBAE0069AC1A /* GameViewController.swift */,
			);
			path = "View Controllers";
			sourceTree = "<group>";
		};
		E83FBCE322DCD909001D8684 /* Nodes */ = {
			isa = PBXGroup;
			children = (
				E83FBCE422DCD96E001D8684 /* tokenSpace.swift */,
				E83FBCE622DD09F0001D8684 /* tokenNode.swift */,
			);
			path = Nodes;
			sourceTree = "<group>";
		};
		E86190CA234D081000EAE462 /* MenuScene */ = {
			isa = PBXGroup;
			children = (
				E84E2C5F23171D1D004EF2DF /* MenuScenePhonePortrait.sks */,
				E84E2C5D23171C5F004EF2DF /* MenuScenePhoneLand.sks */,
				E84E2C6123171E34004EF2DF /* MenuScenePadPortrait.sks */,
				E84E2C6323171F1F004EF2DF /* MenuScenePadLand.sks */,
			);
			path = MenuScene;
			sourceTree = "<group>";
		};
		E86F2C0D22DCBBAE0069AC1A = {
			isa = PBXGroup;
			children = (
				E86F2C1822DCBBAE0069AC1A /* Seikatsu */,
				E86F2C1722DCBBAE0069AC1A /* Products */,
				30309F07348E70805F43B0B4 /* Pods */,
				5AFE952F620EDB9442F47BC2 /* Frameworks */,
			);
			sourceTree = "<group>";
		};
		E86F2C1722DCBBAE0069AC1A /* Products */ = {
			isa = PBXGroup;
			children = (
				E86F2C1622DCBBAE0069AC1A /* Seikatsu.app */,
			);
			name = Products;
			sourceTree = "<group>";
		};
		E86F2C1822DCBBAE0069AC1A /* Seikatsu */ = {
			isa = PBXGroup;
			children = (
				E89EADED237AF34C00F941E6 /* Music */,
				E827B6AB235771DF00B151F6 /* Fonts */,
				E8CFCF81231865600014A254 /* Seikatsu.entitlements */,
				E86F2C1922DCBBAE0069AC1A /* AppDelegate.swift */,
				E86F2C2322DCBBAE0069AC1A /* Main.storyboard */,
				E86F2C2622DCBBB30069AC1A /* Assets.xcassets */,
				E86F2C2822DCBBB30069AC1A /* LaunchScreen.storyboard */,
				E86F2C2B22DCBBB30069AC1A /* Info.plist */,
				E83FBCD822DCCB91001D8684 /* View Controllers */,
				E80DC652230B4C3E00D72E53 /* Scene Files */,
				E83FBCE322DCD909001D8684 /* Nodes */,
				E83FBCD622DCCB78001D8684 /* Scenes */,
				E83FBCD422DCCB63001D8684 /* Helper Classes */,
			);
			path = Seikatsu;
			sourceTree = "<group>";
		};
		E881B65C2358ED1A0041A519 /* singplayerScene */ = {
			isa = PBXGroup;
			children = (
				E881B65D2358ED5A0041A519 /* singleplayerPhonePortrait.sks */,
				E881B65F2358EE1C0041A519 /* singleplayerPhoneLand.sks */,
				E881B6612358EE2D0041A519 /* singleplayerPadPortrait.sks */,
				E881B6632358EE460041A519 /* singleplayerPadLand.sks */,
				E89EADF4237CA7B000F941E6 /* singleplayerNoNotchPortrait.sks */,
				E89EADF6237CA7EB00F941E6 /* singleplayerNoNotchLand.sks */,
			);
			path = singplayerScene;
			sourceTree = "<group>";
		};
		E89EADED237AF34C00F941E6 /* Music */ = {
			isa = PBXGroup;
			children = (
				E89EADEE237AF37C00F941E6 /* upbeatJingleLowQuality.mp3 */,
				E80A34C0238AFE880032DB8A /* gameplay_v2.wav */,
				E89EADF1237B98E200F941E6 /* gameplay1.wav */,
				E80A34C2238AFE910032DB8A /* title_v2.wav */,
				E89EADF0237B98E000F941E6 /* title1.wav */,
				E80A34BE238AFCC10032DB8A /* SeikatsuLogoJingle.wav */,
			);
			path = Music;
			sourceTree = "<group>";
		};
		E8A8A514234D07CF00C355DC /* GameScene */ = {
			isa = PBXGroup;
			children = (
				E877B62B2304509600DA2AA6 /* GameSceneOnlinePhonePortrait.sks */,
				E80DC655230C69E500D72E53 /* GameSceneOnlinePhoneLand.sks */,
				E80DC657230C69F600D72E53 /* GameSceneOnlinePadPortrait.sks */,
				E80DC653230B4C9000D72E53 /* GameSceneOnlinePadLand.sks */,
				E89EADF8237CAE1F00F941E6 /* GameSceneOnlineNoNotchPortrait.sks */,
				E89EADFA237CAE3500F941E6 /* GameSceneOnlineNoNotchLand.sks */,
			);
			path = GameScene;
			sourceTree = "<group>";
		};
/* End PBXGroup section */

/* Begin PBXNativeTarget section */
		E86F2C1522DCBBAE0069AC1A /* Seikatsu */ = {
			isa = PBXNativeTarget;
			buildConfigurationList = E86F2C2E22DCBBB30069AC1A /* Build configuration list for PBXNativeTarget "Seikatsu" */;
			buildPhases = (
				3D35E8C44AD25CF91BB85A94 /* [CP] Check Pods Manifest.lock */,
				E86F2C1222DCBBAE0069AC1A /* Sources */,
				E86F2C1322DCBBAE0069AC1A /* Frameworks */,
				E86F2C1422DCBBAE0069AC1A /* Resources */,
				24BE5B659699AD41EC95FCB7 /* [CP] Embed Pods Frameworks */,
				E89EADEC2379012E00F941E6 /* ShellScript */,
			);
			buildRules = (
			);
			dependencies = (
			);
			name = Seikatsu;
			productName = Seikatsu;
			productReference = E86F2C1622DCBBAE0069AC1A /* Seikatsu.app */;
			productType = "com.apple.product-type.application";
		};
/* End PBXNativeTarget section */

/* Begin PBXProject section */
		E86F2C0E22DCBBAE0069AC1A /* Project object */ = {
			isa = PBXProject;
			attributes = {
				LastSwiftUpdateCheck = 1020;
				LastUpgradeCheck = 1020;
				ORGANIZATIONNAME = "Dovie Shalev";
				TargetAttributes = {
					E86F2C1522DCBBAE0069AC1A = {
						CreatedOnToolsVersion = 10.2.1;
						SystemCapabilities = {
							com.apple.Push = {
								enabled = 1;
							};
						};
					};
				};
			};
			buildConfigurationList = E86F2C1122DCBBAE0069AC1A /* Build configuration list for PBXProject "Seikatsu" */;
			compatibilityVersion = "Xcode 9.3";
			developmentRegion = en;
			hasScannedForEncodings = 0;
			knownRegions = (
				en,
				Base,
			);
			mainGroup = E86F2C0D22DCBBAE0069AC1A;
			productRefGroup = E86F2C1722DCBBAE0069AC1A /* Products */;
			projectDirPath = "";
			projectRoot = "";
			targets = (
				E86F2C1522DCBBAE0069AC1A /* Seikatsu */,
			);
		};
/* End PBXProject section */

/* Begin PBXResourcesBuildPhase section */
		E86F2C1422DCBBAE0069AC1A /* Resources */ = {
			isa = PBXResourcesBuildPhase;
			buildActionMask = 2147483647;
			files = (
				E84E2C6023171D1D004EF2DF /* MenuScenePhonePortrait.sks in Resources */,
				E877B62C2304509600DA2AA6 /* GameSceneOnlinePhonePortrait.sks in Resources */,
				E84E2C6223171E34004EF2DF /* MenuScenePadPortrait.sks in Resources */,
				E84E2C5E23171C5F004EF2DF /* MenuScenePhoneLand.sks in Resources */,
				E89EADEF237AF37C00F941E6 /* upbeatJingleLowQuality.mp3 in Resources */,
				E89EADF2237B98E200F941E6 /* title1.wav in Resources */,
				E89EADF9237CAE1F00F941E6 /* GameSceneOnlineNoNotchPortrait.sks in Resources */,
				E881B6642358EE460041A519 /* singleplayerPadLand.sks in Resources */,
				E84E2C6423171F1F004EF2DF /* MenuScenePadLand.sks in Resources */,
				E80A34C1238AFE880032DB8A /* gameplay_v2.wav in Resources */,
				E80DC656230C69E500D72E53 /* GameSceneOnlinePhoneLand.sks in Resources */,
				E80DC658230C69F600D72E53 /* GameSceneOnlinePadPortrait.sks in Resources */,
				E80DC654230B4C9000D72E53 /* GameSceneOnlinePadLand.sks in Resources */,
				E881B6602358EE1C0041A519 /* singleplayerPhoneLand.sks in Resources */,
				E80A34BF238AFCC10032DB8A /* SeikatsuLogoJingle.wav in Resources */,
				E86F2C2522DCBBAE0069AC1A /* Main.storyboard in Resources */,
				E89EADF3237B98E200F941E6 /* gameplay1.wav in Resources */,
				E89EADFB237CAE3500F941E6 /* GameSceneOnlineNoNotchLand.sks in Resources */,
				E827B6AD2357721600B151F6 /* MyriadPro-Black.otf in Resources */,
				E89EADF5237CA7B000F941E6 /* singleplayerNoNotchPortrait.sks in Resources */,
				E881B65E2358ED5A0041A519 /* singleplayerPhonePortrait.sks in Resources */,
				E89EADF7237CA7EB00F941E6 /* singleplayerNoNotchLand.sks in Resources */,
				E881B6622358EE2D0041A519 /* singleplayerPadPortrait.sks in Resources */,
				E86F2C2722DCBBB30069AC1A /* Assets.xcassets in Resources */,
				E86F2C2A22DCBBB30069AC1A /* LaunchScreen.storyboard in Resources */,
				E80A34C3238AFE910032DB8A /* title_v2.wav in Resources */,
			);
			runOnlyForDeploymentPostprocessing = 0;
		};
/* End PBXResourcesBuildPhase section */

/* Begin PBXShellScriptBuildPhase section */
		24BE5B659699AD41EC95FCB7 /* [CP] Embed Pods Frameworks */ = {
			isa = PBXShellScriptBuildPhase;
			buildActionMask = 2147483647;
			files = (
			);
			inputFileListPaths = (
				"${PODS_ROOT}/Target Support Files/Pods-Seikatsu/Pods-Seikatsu-frameworks-${CONFIGURATION}-input-files.xcfilelist",
			);
			name = "[CP] Embed Pods Frameworks";
			outputFileListPaths = (
				"${PODS_ROOT}/Target Support Files/Pods-Seikatsu/Pods-Seikatsu-frameworks-${CONFIGURATION}-output-files.xcfilelist",
			);
			runOnlyForDeploymentPostprocessing = 0;
			shellPath = /bin/sh;
			shellScript = "\"${PODS_ROOT}/Target Support Files/Pods-Seikatsu/Pods-Seikatsu-frameworks.sh\"\n";
			showEnvVarsInLog = 0;
		};
		3D35E8C44AD25CF91BB85A94 /* [CP] Check Pods Manifest.lock */ = {
			isa = PBXShellScriptBuildPhase;
			buildActionMask = 2147483647;
			files = (
			);
			inputFileListPaths = (
			);
			inputPaths = (
				"${PODS_PODFILE_DIR_PATH}/Podfile.lock",
				"${PODS_ROOT}/Manifest.lock",
			);
			name = "[CP] Check Pods Manifest.lock";
			outputFileListPaths = (
			);
			outputPaths = (
				"$(DERIVED_FILE_DIR)/Pods-Seikatsu-checkManifestLockResult.txt",
			);
			runOnlyForDeploymentPostprocessing = 0;
			shellPath = /bin/sh;
			shellScript = "diff \"${PODS_PODFILE_DIR_PATH}/Podfile.lock\" \"${PODS_ROOT}/Manifest.lock\" > /dev/null\nif [ $? != 0 ] ; then\n    # print error to STDERR\n    echo \"error: The sandbox is not in sync with the Podfile.lock. Run 'pod install' or update your CocoaPods installation.\" >&2\n    exit 1\nfi\n# This output is used by Xcode 'outputs' to avoid re-running this script phase.\necho \"SUCCESS\" > \"${SCRIPT_OUTPUT_FILE_0}\"\n";
			showEnvVarsInLog = 0;
		};
		E89EADEC2379012E00F941E6 /* ShellScript */ = {
			isa = PBXShellScriptBuildPhase;
			buildActionMask = 2147483647;
			files = (
			);
			inputFileListPaths = (
			);
			inputPaths = (
				"$(SRCROOT)/${DWARF_DSYM_FOLDER_PATH}/${DWARF_DSYM_FILE_NAME}/Contents/Resources/DWARF/${TARGET_NAME}",
			);
			outputFileListPaths = (
			);
			outputPaths = (
			);
			runOnlyForDeploymentPostprocessing = 0;
			shellPath = /bin/sh;
			shellScript = "# Type a script or drag a script file from your workspace to insert its path.\nif which sentry-cli >/dev/null; then\nexport SENTRY_ORG=dov-shalev\nexport SENTRY_PROJECT=seikatsu_frontend\nexport SENTRY_AUTH_TOKEN=1bd59de128c4424c8c4340f0437aa3ef44c3e831241f4ac18f87ea3af267bd71\nERROR=$(sentry-cli upload-dif \"$DWARF_DSYM_FOLDER_PATH\" 2>&1 >/dev/null)\nif [ ! $? -eq 0 ]; then\necho \"warning: sentry-cli - $ERROR\"\nfi\nelse\necho \"warning: sentry-cli not installed, download from https://github.com/getsentry/sentry-cli/releases\"\nfi\n";
		};
/* End PBXShellScriptBuildPhase section */

/* Begin PBXSourcesBuildPhase section */
		E86F2C1222DCBBAE0069AC1A /* Sources */ = {
			isa = PBXSourcesBuildPhase;
			buildActionMask = 2147483647;
			files = (
				E83FBCE722DD09F0001D8684 /* tokenNode.swift in Sources */,
				E8DB2C2E22E8D92100A6A212 /* MenuScene.swift in Sources */,
				E83FBCDC22DCCC0B001D8684 /* Token.swift in Sources */,
				E881B65B2358D35D0041A519 /* singleplayerGameScene.swift in Sources */,
				E83FBCE022DCCD45001D8684 /* GrabBag.swift in Sources */,
				E86F2C2222DCBBAE0069AC1A /* GameViewController.swift in Sources */,
				E83FBCE522DCD96E001D8684 /* tokenSpace.swift in Sources */,
				E86F2C1A22DCBBAE0069AC1A /* AppDelegate.swift in Sources */,
				E817C34C22F9DBA500A8BC16 /* SocketIOHelper.swift in Sources */,
				E83FBCE222DCCEA8001D8684 /* GameModel.swift in Sources */,
				E83FBCDE22DCCC84001D8684 /* Location.swift in Sources */,
				E817C34E22FB12BB00A8BC16 /* GameSceneOnline.swift in Sources */,
				E83FBCDA22DCCBBB001D8684 /* JKClass.swift in Sources */,
			);
			runOnlyForDeploymentPostprocessing = 0;
		};
/* End PBXSourcesBuildPhase section */

/* Begin PBXVariantGroup section */
		E86F2C2322DCBBAE0069AC1A /* Main.storyboard */ = {
			isa = PBXVariantGroup;
			children = (
				E86F2C2422DCBBAE0069AC1A /* Base */,
			);
			name = Main.storyboard;
			sourceTree = "<group>";
		};
		E86F2C2822DCBBB30069AC1A /* LaunchScreen.storyboard */ = {
			isa = PBXVariantGroup;
			children = (
				E86F2C2922DCBBB30069AC1A /* Base */,
			);
			name = LaunchScreen.storyboard;
			sourceTree = "<group>";
		};
/* End PBXVariantGroup section */

/* Begin XCBuildConfiguration section */
		E86F2C2C22DCBBB30069AC1A /* Debug */ = {
			isa = XCBuildConfiguration;
			buildSettings = {
				ALWAYS_SEARCH_USER_PATHS = NO;
				CLANG_ANALYZER_NONNULL = YES;
				CLANG_ANALYZER_NUMBER_OBJECT_CONVERSION = YES_AGGRESSIVE;
				CLANG_CXX_LANGUAGE_STANDARD = "gnu++14";
				CLANG_CXX_LIBRARY = "libc++";
				CLANG_ENABLE_MODULES = YES;
				CLANG_ENABLE_OBJC_ARC = YES;
				CLANG_ENABLE_OBJC_WEAK = YES;
				CLANG_WARN_BLOCK_CAPTURE_AUTORELEASING = YES;
				CLANG_WARN_BOOL_CONVERSION = YES;
				CLANG_WARN_COMMA = YES;
				CLANG_WARN_CONSTANT_CONVERSION = YES;
				CLANG_WARN_DEPRECATED_OBJC_IMPLEMENTATIONS = YES;
				CLANG_WARN_DIRECT_OBJC_ISA_USAGE = YES_ERROR;
				CLANG_WARN_DOCUMENTATION_COMMENTS = YES;
				CLANG_WARN_EMPTY_BODY = YES;
				CLANG_WARN_ENUM_CONVERSION = YES;
				CLANG_WARN_INFINITE_RECURSION = YES;
				CLANG_WARN_INT_CONVERSION = YES;
				CLANG_WARN_NON_LITERAL_NULL_CONVERSION = YES;
				CLANG_WARN_OBJC_IMPLICIT_RETAIN_SELF = YES;
				CLANG_WARN_OBJC_LITERAL_CONVERSION = YES;
				CLANG_WARN_OBJC_ROOT_CLASS = YES_ERROR;
				CLANG_WARN_RANGE_LOOP_ANALYSIS = YES;
				CLANG_WARN_STRICT_PROTOTYPES = YES;
				CLANG_WARN_SUSPICIOUS_MOVE = YES;
				CLANG_WARN_UNGUARDED_AVAILABILITY = YES_AGGRESSIVE;
				CLANG_WARN_UNREACHABLE_CODE = YES;
				CLANG_WARN__DUPLICATE_METHOD_MATCH = YES;
				CODE_SIGN_IDENTITY = "iPhone Developer";
				COPY_PHASE_STRIP = NO;
				DEBUG_INFORMATION_FORMAT = dwarf;
				ENABLE_STRICT_OBJC_MSGSEND = YES;
				ENABLE_TESTABILITY = YES;
				GCC_C_LANGUAGE_STANDARD = gnu11;
				GCC_DYNAMIC_NO_PIC = NO;
				GCC_NO_COMMON_BLOCKS = YES;
				GCC_OPTIMIZATION_LEVEL = 0;
				GCC_PREPROCESSOR_DEFINITIONS = (
					"DEBUG=1",
					"$(inherited)",
				);
				GCC_WARN_64_TO_32_BIT_CONVERSION = YES;
				GCC_WARN_ABOUT_RETURN_TYPE = YES_ERROR;
				GCC_WARN_UNDECLARED_SELECTOR = YES;
				GCC_WARN_UNINITIALIZED_AUTOS = YES_AGGRESSIVE;
				GCC_WARN_UNUSED_FUNCTION = YES;
				GCC_WARN_UNUSED_VARIABLE = YES;
				IPHONEOS_DEPLOYMENT_TARGET = 12.2;
				MTL_ENABLE_DEBUG_INFO = INCLUDE_SOURCE;
				MTL_FAST_MATH = YES;
				ONLY_ACTIVE_ARCH = YES;
				SDKROOT = iphoneos;
				SWIFT_ACTIVE_COMPILATION_CONDITIONS = DEBUG;
				SWIFT_OPTIMIZATION_LEVEL = "-Onone";
			};
			name = Debug;
		};
		E86F2C2D22DCBBB30069AC1A /* Release */ = {
			isa = XCBuildConfiguration;
			buildSettings = {
				ALWAYS_SEARCH_USER_PATHS = NO;
				CLANG_ANALYZER_NONNULL = YES;
				CLANG_ANALYZER_NUMBER_OBJECT_CONVERSION = YES_AGGRESSIVE;
				CLANG_CXX_LANGUAGE_STANDARD = "gnu++14";
				CLANG_CXX_LIBRARY = "libc++";
				CLANG_ENABLE_MODULES = YES;
				CLANG_ENABLE_OBJC_ARC = YES;
				CLANG_ENABLE_OBJC_WEAK = YES;
				CLANG_WARN_BLOCK_CAPTURE_AUTORELEASING = YES;
				CLANG_WARN_BOOL_CONVERSION = YES;
				CLANG_WARN_COMMA = YES;
				CLANG_WARN_CONSTANT_CONVERSION = YES;
				CLANG_WARN_DEPRECATED_OBJC_IMPLEMENTATIONS = YES;
				CLANG_WARN_DIRECT_OBJC_ISA_USAGE = YES_ERROR;
				CLANG_WARN_DOCUMENTATION_COMMENTS = YES;
				CLANG_WARN_EMPTY_BODY = YES;
				CLANG_WARN_ENUM_CONVERSION = YES;
				CLANG_WARN_INFINITE_RECURSION = YES;
				CLANG_WARN_INT_CONVERSION = YES;
				CLANG_WARN_NON_LITERAL_NULL_CONVERSION = YES;
				CLANG_WARN_OBJC_IMPLICIT_RETAIN_SELF = YES;
				CLANG_WARN_OBJC_LITERAL_CONVERSION = YES;
				CLANG_WARN_OBJC_ROOT_CLASS = YES_ERROR;
				CLANG_WARN_RANGE_LOOP_ANALYSIS = YES;
				CLANG_WARN_STRICT_PROTOTYPES = YES;
				CLANG_WARN_SUSPICIOUS_MOVE = YES;
				CLANG_WARN_UNGUARDED_AVAILABILITY = YES_AGGRESSIVE;
				CLANG_WARN_UNREACHABLE_CODE = YES;
				CLANG_WARN__DUPLICATE_METHOD_MATCH = YES;
				CODE_SIGN_IDENTITY = "iPhone Developer";
				COPY_PHASE_STRIP = NO;
				DEBUG_INFORMATION_FORMAT = "dwarf-with-dsym";
				ENABLE_NS_ASSERTIONS = NO;
				ENABLE_STRICT_OBJC_MSGSEND = YES;
				GCC_C_LANGUAGE_STANDARD = gnu11;
				GCC_NO_COMMON_BLOCKS = YES;
				GCC_WARN_64_TO_32_BIT_CONVERSION = YES;
				GCC_WARN_ABOUT_RETURN_TYPE = YES_ERROR;
				GCC_WARN_UNDECLARED_SELECTOR = YES;
				GCC_WARN_UNINITIALIZED_AUTOS = YES_AGGRESSIVE;
				GCC_WARN_UNUSED_FUNCTION = YES;
				GCC_WARN_UNUSED_VARIABLE = YES;
				IPHONEOS_DEPLOYMENT_TARGET = 12.2;
				MTL_ENABLE_DEBUG_INFO = NO;
				MTL_FAST_MATH = YES;
				SDKROOT = iphoneos;
				SWIFT_COMPILATION_MODE = wholemodule;
				SWIFT_OPTIMIZATION_LEVEL = "-O";
				VALIDATE_PRODUCT = YES;
			};
			name = Release;
		};
		E86F2C2F22DCBBB30069AC1A /* Debug */ = {
			isa = XCBuildConfiguration;
			baseConfigurationReference = 9509E7E748CB1D3F0F406D7C /* Pods-Seikatsu.debug.xcconfig */;
			buildSettings = {
				ASSETCATALOG_COMPILER_APPICON_NAME = AppIcon;
				CODE_SIGN_ENTITLEMENTS = Seikatsu/Seikatsu.entitlements;
				CODE_SIGN_STYLE = Automatic;
				CURRENT_PROJECT_VERSION = 8;
				DEBUG_INFORMATION_FORMAT = "dwarf-with-dsym";
				DEVELOPMENT_TEAM = 85HTDRNFLR;
				INFOPLIST_FILE = Seikatsu/Info.plist;
				LD_RUNPATH_SEARCH_PATHS = (
					"$(inherited)",
					"@executable_path/Frameworks",
				);
				MARKETING_VERSION = 3;
				PRODUCT_BUNDLE_IDENTIFIER = com.Jekutiel.Seikatsu;
				PRODUCT_NAME = Seikatsu;
				SWIFT_VERSION = 5.0;
				TARGETED_DEVICE_FAMILY = "1,2";
			};
			name = Debug;
		};
		E86F2C3022DCBBB30069AC1A /* Release */ = {
			isa = XCBuildConfiguration;
			baseConfigurationReference = 468178FF1C2B089363F5B4EB /* Pods-Seikatsu.release.xcconfig */;
			buildSettings = {
				ASSETCATALOG_COMPILER_APPICON_NAME = AppIcon;
				CODE_SIGN_ENTITLEMENTS = Seikatsu/Seikatsu.entitlements;
				CODE_SIGN_STYLE = Automatic;
				CURRENT_PROJECT_VERSION = 8;
				DEVELOPMENT_TEAM = 85HTDRNFLR;
				INFOPLIST_FILE = Seikatsu/Info.plist;
				LD_RUNPATH_SEARCH_PATHS = (
					"$(inherited)",
					"@executable_path/Frameworks",
				);
				MARKETING_VERSION = 3;
				PRODUCT_BUNDLE_IDENTIFIER = com.Jekutiel.Seikatsu;
				PRODUCT_NAME = Seikatsu;
				SWIFT_VERSION = 5.0;
				TARGETED_DEVICE_FAMILY = "1,2";
			};
			name = Release;
		};
/* End XCBuildConfiguration section */

/* Begin XCConfigurationList section */
		E86F2C1122DCBBAE0069AC1A /* Build configuration list for PBXProject "Seikatsu" */ = {
			isa = XCConfigurationList;
			buildConfigurations = (
				E86F2C2C22DCBBB30069AC1A /* Debug */,
				E86F2C2D22DCBBB30069AC1A /* Release */,
			);
			defaultConfigurationIsVisible = 0;
			defaultConfigurationName = Release;
		};
		E86F2C2E22DCBBB30069AC1A /* Build configuration list for PBXNativeTarget "Seikatsu" */ = {
			isa = XCConfigurationList;
			buildConfigurations = (
				E86F2C2F22DCBBB30069AC1A /* Debug */,
				E86F2C3022DCBBB30069AC1A /* Release */,
			);
			defaultConfigurationIsVisible = 0;
			defaultConfigurationName = Release;
		};
/* End XCConfigurationList section */
	};
	rootObject = E86F2C0E22DCBBAE0069AC1A /* Project object */;
}
